{
  "name": "WebAppRfc",
  "version": "1.0.0",
  "lockfileVersion": 1,
  "requires": true,
  "dependencies": {
    "@aspnet/signalr": {
      "version": "1.0.2",
      "resolved": "https://registry.npmjs.org/@aspnet/signalr/-/signalr-1.0.2.tgz",
      "integrity": "sha512-sXleqUCCbodCOqUA8MjLSvtAgDTvDhEq6j3JyAq/w4RMJhpZ+dXK9+6xEMbzag2hisq5e/8vDC82JYutkcOISQ=="
    },
    "angular": {
      "version": "1.7.2",
      "resolved": "https://registry.npmjs.org/angular/-/angular-1.7.2.tgz",
      "integrity": "sha512-JcKKJbBdybUsmQ6x1M3xWyTYQ/ioVKJhSByEAjqrhmlOfvMFdhfMqAx5KIo8rLGk4DFolYPcCSgssjgTVjCtRQ=="
    },
    "angular-route": {
      "version": "1.7.2",
      "resolved": "https://registry.npmjs.org/angular-route/-/angular-route-1.7.2.tgz",
      "integrity": "sha512-YshcsuhYThFbuQqWDhDvxaZtwlwV6M7dPzB2Eit215t0zx/78A7SSKGtw8SsqYyPCealrgD2QWdv4iY7kl6l1w=="
    }
  }
}
